PODS:
  - SwiftyJSON (4.2.0)
  - UIScrollView-InfiniteScroll (1.1.0)

DEPENDENCIES:
  - SwiftyJSON (~> 4.0)
  - UIScrollView-InfiniteScroll (~> 1.1.0)

SPEC REPOS:
  https://github.com/cocoapods/specs.git:
    - SwiftyJSON
    - UIScrollView-InfiniteScroll

SPEC CHECKSUMS:
  SwiftyJSON: c4bcba26dd9ec7a027fc8eade48e2c911f229e96
  UIScrollView-InfiniteScroll: 3ef456bcbe759c19f510a383cff96e6647c98c98

PODFILE CHECKSUM: 64bd1c0b111eef75d0bb0511a3253889ab142a03

COCOAPODS: 1.5.3
